
Microsoft Visual Studio Solution File, Format Version 12.00
# Visual Studio Version 17
VisualStudioVersion = 17.11.35312.102
MinimumVisualStudioVersion = 10.0.40219.1
Project("{FAE04EC0-301F-11D3-BF4B-00C04F79EFBC}") = "Sortieralgorithmen_MT", "Sortieralgorithmen_MT\Sortieralgorithmen_MT.csproj", "{413C4EC3-F8F2-4DFA-A1E9-FD2054F2B944}"
EndProject
Global
	GlobalSection(SolutionConfigurationPlatforms) = preSolution
		Debug|Any CPU = Debug|Any CPU
		Release|Any CPU = Release|Any CPU
	EndGlobalSection
	GlobalSection(ProjectConfigurationPlatforms) = postSolution
		{413C4EC3-F8F2-4DFA-A1E9-FD2054F2B944}.Debug|Any CPU.ActiveCfg = Debug|Any CPU
		{413C4EC3-F8F2-4DFA-A1E9-FD2054F2B944}.Debug|Any CPU.Build.0 = Debug|Any CPU
		{413C4EC3-F8F2-4DFA-A1E9-FD2054F2B944}.Release|Any CPU.ActiveCfg = Release|Any CPU
		{413C4EC3-F8F2-4DFA-A1E9-FD2054F2B944}.Release|Any CPU.Build.0 = Release|Any CPU
	EndGlobalSection
	GlobalSection(SolutionProperties) = preSolution
		HideSolutionNode = FALSE
	EndGlobalSection
	GlobalSection(ExtensibilityGlobals) = postSolution
		SolutionGuid = {932410F0-3C93-4215-8A70-DC51ECB3B69A}
	EndGlobalSection
EndGlobal
